
Microsoft Visual Studio Solution File, Format Version 12.00
# Visual Studio Version 17
Project("{8BC9CEB8-8B4A-11D0-8D11-00A0C91BC942}") = "AutoSave", "AutoSave.vcxproj", "{ED5366BD-D920-C1C8-023A-AF70EE65F656}"
EndProject
Global
	GlobalSection(SolutionConfigurationPlatforms) = preSolution
		Debug|GTA-SA = Debug|GTA-SA
		Release|GTA-SA = Release|GTA-SA
	EndGlobalSection
	GlobalSection(ProjectConfigurationPlatforms) = postSolution
		{ED5366BD-D920-C1C8-023A-AF70EE65F656}.Debug|GTA-SA.ActiveCfg = Debug GTA-SA|Win32
		{ED5366BD-D920-C1C8-023A-AF70EE65F656}.Debug|GTA-SA.Build.0 = Debug GTA-SA|Win32
		{ED5366BD-D920-C1C8-023A-AF70EE65F656}.Release|GTA-SA.ActiveCfg = Release GTA-SA|Win32
		{ED5366BD-D920-C1C8-023A-AF70EE65F656}.Release|GTA-SA.Build.0 = Release GTA-SA|Win32
	EndGlobalSection
	GlobalSection(SolutionProperties) = preSolution
		HideSolutionNode = FALSE
	EndGlobalSection
EndGlobal
